
Microsoft Visual Studio Solution File, Format Version 12.00
# Visual Studio 15
VisualStudioVersion = 15.0.28307.902
MinimumVisualStudioVersion = 10.0.40219.1
Project("{FAE04EC0-301F-11D3-BF4B-00C04F79EFBC}") = "gongju", "gongju\gongju.csproj", "{345121B6-C9FD-4B02-87DF-9C620ABD3DF8}"
EndProject
Global
	GlobalSection(SolutionConfigurationPlatforms) = preSolution
		Debug|Any CPU = Debug|Any CPU
		Release|Any CPU = Release|Any CPU
	EndGlobalSection
	GlobalSection(ProjectConfigurationPlatforms) = postSolution
		{345121B6-C9FD-4B02-87DF-9C620ABD3DF8}.Debug|Any CPU.ActiveCfg = Debug|Any CPU
		{345121B6-C9FD-4B02-87DF-9C620ABD3DF8}.Debug|Any CPU.Build.0 = Debug|Any CPU
		{345121B6-C9FD-4B02-87DF-9C620ABD3DF8}.Release|Any CPU.ActiveCfg = Release|Any CPU
		{345121B6-C9FD-4B02-87DF-9C620ABD3DF8}.Release|Any CPU.Build.0 = Release|Any CPU
	EndGlobalSection
	GlobalSection(SolutionProperties) = preSolution
		HideSolutionNode = FALSE
	EndGlobalSection
	GlobalSection(ExtensibilityGlobals) = postSolution
		SolutionGuid = {4F2123A9-5397-4E48-AF54-1EAE19B2A00C}
	EndGlobalSection
EndGlobal
